// !$*UTF8*$!
{
	archiveVersion = 1;
	classes = {
	};
	objectVersion = 48;
	objects = {

/* Begin PBXBuildFile section */
		CB093A2B1FACAD8E0027FA39 /* TableViewCell.swift in Sources */ = {isa = PBXBuildFile; fileRef = CB093A291FACAD8E0027FA39 /* TableViewCell.swift */; };
		CB093A2C1FACAD8E0027FA39 /* TableViewCell.xib in Resources */ = {isa = PBXBuildFile; fileRef = CB093A2A1FACAD8E0027FA39 /* TableViewCell.xib */; };
		CB093A301FACB2480027FA39 /* UserData.plist in Resources */ = {isa = PBXBuildFile; fileRef = CB093A2F1FACB2480027FA39 /* UserData.plist */; };
		CB2466291FACA8AF0081E5DF /* AppDelegate.swift in Sources */ = {isa = PBXBuildFile; fileRef = CB2466281FACA8AF0081E5DF /* AppDelegate.swift */; };
		CB24662B1FACA8AF0081E5DF /* ViewController.swift in Sources */ = {isa = PBXBuildFile; fileRef = CB24662A1FACA8AF0081E5DF /* ViewController.swift */; };
		CB24662E1FACA8AF0081E5DF /* Main.storyboard in Resources */ = {isa = PBXBuildFile; fileRef = CB24662C1FACA8AF0081E5DF /* Main.storyboard */; };
		CB2466301FACA8AF0081E5DF /* Assets.xcassets in Resources */ = {isa = PBXBuildFile; fileRef = CB24662F1FACA8AF0081E5DF /* Assets.xcassets */; };
		CB2466331FACA8AF0081E5DF /* LaunchScreen.storyboard in Resources */ = {isa = PBXBuildFile; fileRef = CB2466311FACA8AF0081E5DF /* LaunchScreen.storyboard */; };
		CB24663B1FACA9290081E5DF /* Screen in Resources */ = {isa = PBXBuildFile; fileRef = CB24663A1FACA9290081E5DF /* Screen */; };
		CBDAB9531FACD8620085A88B /* ProFileViewController.swift in Sources */ = {isa = PBXBuildFile; fileRef = CBDAB9511FACD8620085A88B /* ProFileViewController.swift */; };
		CBDAB9541FACD8630085A88B /* ProFileViewController.xib in Resources */ = {isa = PBXBuildFile; fileRef = CBDAB9521FACD8620085A88B /* ProFileViewController.xib */; };
/* End PBXBuildFile section */

/* Begin PBXFileReference section */
		CB093A291FACAD8E0027FA39 /* TableViewCell.swift */ = {isa = PBXFileReference; lastKnownFileType = sourcecode.swift; path = TableViewCell.swift; sourceTree = "<group>"; };
		CB093A2A1FACAD8E0027FA39 /* TableViewCell.xib */ = {isa = PBXFileReference; lastKnownFileType = file.xib; path = TableViewCell.xib; sourceTree = "<group>"; };
		CB093A2F1FACB2480027FA39 /* UserData.plist */ = {isa = PBXFileReference; lastKnownFileType = text.plist.xml; path = UserData.plist; sourceTree = "<group>"; };
		CB2466251FACA8AF0081E5DF /* UserList.app */ = {isa = PBXFileReference; explicitFileType = wrapper.application; includeInIndex = 0; path = UserList.app; sourceTree = BUILT_PRODUCTS_DIR; };
		CB2466281FACA8AF0081E5DF /* AppDelegate.swift */ = {isa = PBXFileReference; lastKnownFileType = sourcecode.swift; path = AppDelegate.swift; sourceTree = "<group>"; };
		CB24662A1FACA8AF0081E5DF /* ViewController.swift */ = {isa = PBXFileReference; lastKnownFileType = sourcecode.swift; path = ViewController.swift; sourceTree = "<group>"; };
		CB24662D1FACA8AF0081E5DF /* Base */ = {isa = PBXFileReference; lastKnownFileType = file.storyboard; name = Base; path = Base.lproj/Main.storyboard; sourceTree = "<group>"; };
		CB24662F1FACA8AF0081E5DF /* Assets.xcassets */ = {isa = PBXFileReference; lastKnownFileType = folder.assetcatalog; path = Assets.xcassets; sourceTree = "<group>"; };
		CB2466321FACA8AF0081E5DF /* Base */ = {isa = PBXFileReference; lastKnownFileType = file.storyboard; name = Base; path = Base.lproj/LaunchScreen.storyboard; sourceTree = "<group>"; };
		CB2466341FACA8AF0081E5DF /* Info.plist */ = {isa = PBXFileReference; lastKnownFileType = text.plist.xml; path = Info.plist; sourceTree = "<group>"; };
		CB24663A1FACA9290081E5DF /* Screen */ = {isa = PBXFileReference; lastKnownFileType = folder; path = Screen; sourceTree = "<group>"; };
		CBDAB9511FACD8620085A88B /* ProFileViewController.swift */ = {isa = PBXFileReference; lastKnownFileType = sourcecode.swift; path = ProFileViewController.swift; sourceTree = "<group>"; };
		CBDAB9521FACD8620085A88B /* ProFileViewController.xib */ = {isa = PBXFileReference; lastKnownFileType = file.xib; path = ProFileViewController.xib; sourceTree = "<group>"; };
/* End PBXFileReference section */

/* Begin PBXFrameworksBuildPhase section */
		CB2466221FACA8AF0081E5DF /* Frameworks */ = {
			isa = PBXFrameworksBuildPhase;
			buildActionMask = 2147483647;
			files = (
			);
			runOnlyForDeploymentPostprocessing = 0;
		};
/* End PBXFrameworksBuildPhase section */

/* Begin PBXGroup section */
		CB093A2D1FACAD930027FA39 /* TableViewCell */ = {
			isa = PBXGroup;
			children = (
				CB093A291FACAD8E0027FA39 /* TableViewCell.swift */,
				CB093A2A1FACAD8E0027FA39 /* TableViewCell.xib */,
			);
			path = TableViewCell;
			sourceTree = "<group>";
		};
		CB093A2E1FACAF9B0027FA39 /* Controller */ = {
			isa = PBXGroup;
			children = (
			);
			path = Controller;
			sourceTree = "<group>";
		};
		CB24661C1FACA8AF0081E5DF = {
			isa = PBXGroup;
			children = (
				CB2466271FACA8AF0081E5DF /* UserList */,
				CB2466261FACA8AF0081E5DF /* Products */,
				CB24663A1FACA9290081E5DF /* Screen */,
			);
			sourceTree = "<group>";
		};
		CB2466261FACA8AF0081E5DF /* Products */ = {
			isa = PBXGroup;
			children = (
				CB2466251FACA8AF0081E5DF /* UserList.app */,
			);
			name = Products;
			sourceTree = "<group>";
		};
		CB2466271FACA8AF0081E5DF /* UserList */ = {
			isa = PBXGroup;
			children = (
				CBDAB9501FACD83C0085A88B /* View */,
				CB093A2E1FACAF9B0027FA39 /* Controller */,
				CB093A2D1FACAD930027FA39 /* TableViewCell */,
				CB2466281FACA8AF0081E5DF /* AppDelegate.swift */,
				CB24662A1FACA8AF0081E5DF /* ViewController.swift */,
				CB24662C1FACA8AF0081E5DF /* Main.storyboard */,
				CB24662F1FACA8AF0081E5DF /* Assets.xcassets */,
				CB2466311FACA8AF0081E5DF /* LaunchScreen.storyboard */,
				CB2466341FACA8AF0081E5DF /* Info.plist */,
				CB093A2F1FACB2480027FA39 /* UserData.plist */,
			);
			path = UserList;
			sourceTree = "<group>";
		};
		CBDAB9501FACD83C0085A88B /* View */ = {
			isa = PBXGroup;
			children = (
				CBDAB9511FACD8620085A88B /* ProFileViewController.swift */,
				CBDAB9521FACD8620085A88B /* ProFileViewController.xib */,
			);
			path = View;
			sourceTree = "<group>";
		};
/* End PBXGroup section */

/* Begin PBXNativeTarget section */
		CB2466241FACA8AF0081E5DF /* UserList */ = {
			isa = PBXNativeTarget;
			buildConfigurationList = CB2466371FACA8AF0081E5DF /* Build configuration list for PBXNativeTarget "UserList" */;
			buildPhases = (
				CB2466211FACA8AF0081E5DF /* Sources */,
				CB2466221FACA8AF0081E5DF /* Frameworks */,
				CB2466231FACA8AF0081E5DF /* Resources */,
			);
			buildRules = (
			);
			dependencies = (
			);
			name = UserList;
			productName = UserList;
			productReference = CB2466251FACA8AF0081E5DF /* UserList.app */;
			productType = "com.apple.product-type.application";
		};
/* End PBXNativeTarget section */

/* Begin PBXProject section */
		CB24661D1FACA8AF0081E5DF /* Project object */ = {
			isa = PBXProject;
			attributes = {
				LastSwiftUpdateCheck = 0910;
				LastUpgradeCheck = 0910;
				ORGANIZATIONNAME = "Minh Tuan";
				TargetAttributes = {
					CB2466241FACA8AF0081E5DF = {
						CreatedOnToolsVersion = 9.1;
						ProvisioningStyle = Automatic;
					};
				};
			};
			buildConfigurationList = CB2466201FACA8AF0081E5DF /* Build configuration list for PBXProject "UserList" */;
			compatibilityVersion = "Xcode 8.0";
			developmentRegion = en;
			hasScannedForEncodings = 0;
			knownRegions = (
				en,
				Base,
			);
			mainGroup = CB24661C1FACA8AF0081E5DF;
			productRefGroup = CB2466261FACA8AF0081E5DF /* Products */;
			projectDirPath = "";
			projectRoot = "";
			targets = (
				CB2466241FACA8AF0081E5DF /* UserList */,
			);
		};
/* End PBXProject section */

/* Begin PBXResourcesBuildPhase section */
		CB2466231FACA8AF0081E5DF /* Resources */ = {
			isa = PBXResourcesBuildPhase;
			buildActionMask = 2147483647;
			files = (
				CB2466331FACA8AF0081E5DF /* LaunchScreen.storyboard in Resources */,
				CBDAB9541FACD8630085A88B /* ProFileViewController.xib in Resources */,
				CB093A2C1FACAD8E0027FA39 /* TableViewCell.xib in Resources */,
				CB2466301FACA8AF0081E5DF /* Assets.xcassets in Resources */,
				CB24663B1FACA9290081E5DF /* Screen in Resources */,
				CB24662E1FACA8AF0081E5DF /* Main.storyboard in Resources */,
				CB093A301FACB2480027FA39 /* UserData.plist in Resources */,
			);
			runOnlyForDeploymentPostprocessing = 0;
		};
/* End PBXResourcesBuildPhase section */

/* Begin PBXSourcesBuildPhase section */
		CB2466211FACA8AF0081E5DF /* Sources */ = {
			isa = PBXSourcesBuildPhase;
			buildActionMask = 2147483647;
			files = (
				CB093A2B1FACAD8E0027FA39 /* TableViewCell.swift in Sources */,
				CB24662B1FACA8AF0081E5DF /* ViewController.swift in Sources */,
				CBDAB9531FACD8620085A88B /* ProFileViewController.swift in Sources */,
				CB2466291FACA8AF0081E5DF /* AppDelegate.swift in Sources */,
			);
			runOnlyForDeploymentPostprocessing = 0;
		};
/* End PBXSourcesBuildPhase section */

/* Begin PBXVariantGroup section */
		CB24662C1FACA8AF0081E5DF /* Main.storyboard */ = {
			isa = PBXVariantGroup;
			children = (
				CB24662D1FACA8AF0081E5DF /* Base */,
			);
			name = Main.storyboard;
			sourceTree = "<group>";
		};
		CB2466311FACA8AF0081E5DF /* LaunchScreen.storyboard */ = {
			isa = PBXVariantGroup;
			children = (
				CB2466321FACA8AF0081E5DF /* Base */,
			);
			name = LaunchScreen.storyboard;
			sourceTree = "<group>";
		};
/* End PBXVariantGroup section */

/* Begin XCBuildConfiguration section */
		CB2466351FACA8AF0081E5DF /* Debug */ = {
			isa = XCBuildConfiguration;
			buildSettings = {
				ALWAYS_SEARCH_USER_PATHS = NO;
				CLANG_ANALYZER_NONNULL = YES;
				CLANG_ANALYZER_NUMBER_OBJECT_CONVERSION = YES_AGGRESSIVE;
				CLANG_CXX_LANGUAGE_STANDARD = "gnu++14";
				CLANG_CXX_LIBRARY = "libc++";
				CLANG_ENABLE_MODULES = YES;
				CLANG_ENABLE_OBJC_ARC = YES;
				CLANG_WARN_BLOCK_CAPTURE_AUTORELEASING = YES;
				CLANG_WARN_BOOL_CONVERSION = YES;
				CLANG_WARN_COMMA = YES;
				CLANG_WARN_CONSTANT_CONVERSION = YES;
				CLANG_WARN_DIRECT_OBJC_ISA_USAGE = YES_ERROR;
				CLANG_WARN_DOCUMENTATION_COMMENTS = YES;
				CLANG_WARN_EMPTY_BODY = YES;
				CLANG_WARN_ENUM_CONVERSION = YES;
				CLANG_WARN_INFINITE_RECURSION = YES;
				CLANG_WARN_INT_CONVERSION = YES;
				CLANG_WARN_NON_LITERAL_NULL_CONVERSION = YES;
				CLANG_WARN_OBJC_LITERAL_CONVERSION = YES;
				CLANG_WARN_OBJC_ROOT_CLASS = YES_ERROR;
				CLANG_WARN_RANGE_LOOP_ANALYSIS = YES;
				CLANG_WARN_STRICT_PROTOTYPES = YES;
				CLANG_WARN_SUSPICIOUS_MOVE = YES;
				CLANG_WARN_UNGUARDED_AVAILABILITY = YES_AGGRESSIVE;
				CLANG_WARN_UNREACHABLE_CODE = YES;
				CLANG_WARN__DUPLICATE_METHOD_MATCH = YES;
				CODE_SIGN_IDENTITY = "iPhone Developer";
				COPY_PHASE_STRIP = NO;
				DEBUG_INFORMATION_FORMAT = dwarf;
				ENABLE_STRICT_OBJC_MSGSEND = YES;
				ENABLE_TESTABILITY = YES;
				GCC_C_LANGUAGE_STANDARD = gnu11;
				GCC_DYNAMIC_NO_PIC = NO;
				GCC_NO_COMMON_BLOCKS = YES;
				GCC_OPTIMIZATION_LEVEL = 0;
				GCC_PREPROCESSOR_DEFINITIONS = (
					"DEBUG=1",
					"$(inherited)",
				);
				GCC_WARN_64_TO_32_BIT_CONVERSION = YES;
				GCC_WARN_ABOUT_RETURN_TYPE = YES_ERROR;
				GCC_WARN_UNDECLARED_SELECTOR = YES;
				GCC_WARN_UNINITIALIZED_AUTOS = YES_AGGRESSIVE;
				GCC_WARN_UNUSED_FUNCTION = YES;
				GCC_WARN_UNUSED_VARIABLE = YES;
				IPHONEOS_DEPLOYMENT_TARGET = 11.1;
				MTL_ENABLE_DEBUG_INFO = YES;
				ONLY_ACTIVE_ARCH = YES;
				SDKROOT = iphoneos;
				SWIFT_ACTIVE_COMPILATION_CONDITIONS = DEBUG;
				SWIFT_OPTIMIZATION_LEVEL = "-Onone";
			};
			name = Debug;
		};
		CB2466361FACA8AF0081E5DF /* Release */ = {
			isa = XCBuildConfiguration;
			buildSettings = {
				ALWAYS_SEARCH_USER_PATHS = NO;
				CLANG_ANALYZER_NONNULL = YES;
				CLANG_ANALYZER_NUMBER_OBJECT_CONVERSION = YES_AGGRESSIVE;
				CLANG_CXX_LANGUAGE_STANDARD = "gnu++14";
				CLANG_CXX_LIBRARY = "libc++";
				CLANG_ENABLE_MODULES = YES;
				CLANG_ENABLE_OBJC_ARC = YES;
				CLANG_WARN_BLOCK_CAPTURE_AUTORELEASING = YES;
				CLANG_WARN_BOOL_CONVERSION = YES;
				CLANG_WARN_COMMA = YES;
				CLANG_WARN_CONSTANT_CONVERSION = YES;
				CLANG_WARN_DIRECT_OBJC_ISA_USAGE = YES_ERROR;
				CLANG_WARN_DOCUMENTATION_COMMENTS = YES;
				CLANG_WARN_EMPTY_BODY = YES;
				CLANG_WARN_ENUM_CONVERSION = YES;
				CLANG_WARN_INFINITE_RECURSION = YES;
				CLANG_WARN_INT_CONVERSION = YES;
				CLANG_WARN_NON_LITERAL_NULL_CONVERSION = YES;
				CLANG_WARN_OBJC_LITERAL_CONVERSION = YES;
				CLANG_WARN_OBJC_ROOT_CLASS = YES_ERROR;
				CLANG_WARN_RANGE_LOOP_ANALYSIS = YES;
				CLANG_WARN_STRICT_PROTOTYPES = YES;
				CLANG_WARN_SUSPICIOUS_MOVE = YES;
				CLANG_WARN_UNGUARDED_AVAILABILITY = YES_AGGRESSIVE;
				CLANG_WARN_UNREACHABLE_CODE = YES;
				CLANG_WARN__DUPLICATE_METHOD_MATCH = YES;
				CODE_SIGN_IDENTITY = "iPhone Developer";
				COPY_PHASE_STRIP = NO;
				DEBUG_INFORMATION_FORMAT = "dwarf-with-dsym";
				ENABLE_NS_ASSERTIONS = NO;
				ENABLE_STRICT_OBJC_MSGSEND = YES;
				GCC_C_LANGUAGE_STANDARD = gnu11;
				GCC_NO_COMMON_BLOCKS = YES;
				GCC_WARN_64_TO_32_BIT_CONVERSION = YES;
				GCC_WARN_ABOUT_RETURN_TYPE = YES_ERROR;
				GCC_WARN_UNDECLARED_SELECTOR = YES;
				GCC_WARN_UNINITIALIZED_AUTOS = YES_AGGRESSIVE;
				GCC_WARN_UNUSED_FUNCTION = YES;
				GCC_WARN_UNUSED_VARIABLE = YES;
				IPHONEOS_DEPLOYMENT_TARGET = 11.1;
				MTL_ENABLE_DEBUG_INFO = NO;
				SDKROOT = iphoneos;
				SWIFT_OPTIMIZATION_LEVEL = "-Owholemodule";
				VALIDATE_PRODUCT = YES;
			};
			name = Release;
		};
		CB2466381FACA8AF0081E5DF /* Debug */ = {
			isa = XCBuildConfiguration;
			buildSettings = {
				ASSETCATALOG_COMPILER_APPICON_NAME = AppIcon;
				CODE_SIGN_STYLE = Automatic;
				DEVELOPMENT_TEAM = L2B4445J52;
				INFOPLIST_FILE = UserList/Info.plist;
				IPHONEOS_DEPLOYMENT_TARGET = 11.1;
				LD_RUNPATH_SEARCH_PATHS = "$(inherited) @executable_path/Frameworks";
				PRODUCT_BUNDLE_IDENTIFIER = UserList.com.UserList;
				PRODUCT_NAME = "$(TARGET_NAME)";
				SWIFT_VERSION = 4.0;
				TARGETED_DEVICE_FAMILY = "1,2";
			};
			name = Debug;
		};
		CB2466391FACA8AF0081E5DF /* Release */ = {
			isa = XCBuildConfiguration;
			buildSettings = {
				ASSETCATALOG_COMPILER_APPICON_NAME = AppIcon;
				CODE_SIGN_STYLE = Automatic;
				DEVELOPMENT_TEAM = L2B4445J52;
				INFOPLIST_FILE = UserList/Info.plist;
				IPHONEOS_DEPLOYMENT_TARGET = 11.1;
				LD_RUNPATH_SEARCH_PATHS = "$(inherited) @executable_path/Frameworks";
				PRODUCT_BUNDLE_IDENTIFIER = UserList.com.UserList;
				PRODUCT_NAME = "$(TARGET_NAME)";
				SWIFT_VERSION = 4.0;
				TARGETED_DEVICE_FAMILY = "1,2";
			};
			name = Release;
		};
/* End XCBuildConfiguration section */

/* Begin XCConfigurationList section */
		CB2466201FACA8AF0081E5DF /* Build configuration list for PBXProject "UserList" */ = {
			isa = XCConfigurationList;
			buildConfigurations = (
				CB2466351FACA8AF0081E5DF /* Debug */,
				CB2466361FACA8AF0081E5DF /* Release */,
			);
			defaultConfigurationIsVisible = 0;
			defaultConfigurationName = Release;
		};
		CB2466371FACA8AF0081E5DF /* Build configuration list for PBXNativeTarget "UserList" */ = {
			isa = XCConfigurationList;
			buildConfigurations = (
				CB2466381FACA8AF0081E5DF /* Debug */,
				CB2466391FACA8AF0081E5DF /* Release */,
			);
			defaultConfigurationIsVisible = 0;
			defaultConfigurationName = Release;
		};
/* End XCConfigurationList section */
	};
	rootObject = CB24661D1FACA8AF0081E5DF /* Project object */;
}
